
Microsoft Visual Studio Solution File, Format Version 12.00
# Visual Studio Version 16
VisualStudioVersion = 16.0.810.14
MinimumVisualStudioVersion = 10.0.40219.1
Project("{FAE04EC0-301F-11D3-BF4B-00C04F79EFBC}") = "Discount.API", "Discount.API.csproj", "{C8C413FD-9145-4BD9-9D88-17A92996BAFA}"
EndProject
Global
	GlobalSection(SolutionConfigurationPlatforms) = preSolution
		Debug|Any CPU = Debug|Any CPU
		Release|Any CPU = Release|Any CPU
	EndGlobalSection
	GlobalSection(ProjectConfigurationPlatforms) = postSolution
		{C8C413FD-9145-4BD9-9D88-17A92996BAFA}.Debug|Any CPU.ActiveCfg = Debug|Any CPU
		{C8C413FD-9145-4BD9-9D88-17A92996BAFA}.Debug|Any CPU.Build.0 = Debug|Any CPU
		{C8C413FD-9145-4BD9-9D88-17A92996BAFA}.Release|Any CPU.ActiveCfg = Release|Any CPU
		{C8C413FD-9145-4BD9-9D88-17A92996BAFA}.Release|Any CPU.Build.0 = Release|Any CPU
	EndGlobalSection
	GlobalSection(SolutionProperties) = preSolution
		HideSolutionNode = FALSE
	EndGlobalSection
	GlobalSection(ExtensibilityGlobals) = postSolution
		SolutionGuid = {CB25E5ED-5534-48F6-952D-1FCCB498F9A8}
	EndGlobalSection
EndGlobal
