
Microsoft Visual Studio Solution File, Format Version 12.00
# Visual Studio Version 16
VisualStudioVersion = 16.0.810.14
MinimumVisualStudioVersion = 10.0.40219.1
Project("{FAE04EC0-301F-11D3-BF4B-00C04F79EFBC}") = "Basket.API", "Basket.API.csproj", "{FDEB0C73-191F-436E-B8A9-4E9EB69C9B66}"
EndProject
Global
	GlobalSection(SolutionConfigurationPlatforms) = preSolution
		Debug|Any CPU = Debug|Any CPU
		Release|Any CPU = Release|Any CPU
	EndGlobalSection
	GlobalSection(ProjectConfigurationPlatforms) = postSolution
		{FDEB0C73-191F-436E-B8A9-4E9EB69C9B66}.Debug|Any CPU.ActiveCfg = Debug|Any CPU
		{FDEB0C73-191F-436E-B8A9-4E9EB69C9B66}.Debug|Any CPU.Build.0 = Debug|Any CPU
		{FDEB0C73-191F-436E-B8A9-4E9EB69C9B66}.Release|Any CPU.ActiveCfg = Release|Any CPU
		{FDEB0C73-191F-436E-B8A9-4E9EB69C9B66}.Release|Any CPU.Build.0 = Release|Any CPU
	EndGlobalSection
	GlobalSection(SolutionProperties) = preSolution
		HideSolutionNode = FALSE
	EndGlobalSection
	GlobalSection(ExtensibilityGlobals) = postSolution
		SolutionGuid = {F563B5A4-3917-4BE4-BD39-426557EFBED2}
	EndGlobalSection
EndGlobal
